Microsoft Visual Studio Solution File, Format Version 12.00
# Visual Studio Version 17
VisualStudioVersion = 17.5.2.0
MinimumVisualStudioVersion = 10.0.40219.1
Project("{FAE04EC0-301F-11D3-BF4B-00C04F79EFBC}") = "ModbusChart", "ModbusChart.csproj", "{BA385135-75A8-A2DF-71C6-917BB145BE3B}"
EndProject
Global
	GlobalSection(SolutionConfigurationPlatforms) = preSolution
		Debug|Any CPU = Debug|Any CPU
		Release|Any CPU = Release|Any CPU
	EndGlobalSection
	GlobalSection(ProjectConfigurationPlatforms) = postSolution
		{BA385135-75A8-A2DF-71C6-917BB145BE3B}.Debug|Any CPU.ActiveCfg = Debug|Any CPU
		{BA385135-75A8-A2DF-71C6-917BB145BE3B}.Debug|Any CPU.Build.0 = Debug|Any CPU
		{BA385135-75A8-A2DF-71C6-917BB145BE3B}.Release|Any CPU.ActiveCfg = Release|Any CPU
		{BA385135-75A8-A2DF-71C6-917BB145BE3B}.Release|Any CPU.Build.0 = Release|Any CPU
	EndGlobalSection
	GlobalSection(SolutionProperties) = preSolution
		HideSolutionNode = FALSE
	EndGlobalSection
	GlobalSection(ExtensibilityGlobals) = postSolution
		SolutionGuid = {910D1AC5-5B4E-4CCC-A226-BD6964FF9D88}
	EndGlobalSection
EndGlobal
